{
  "name": "node-red-contrib-virtual-smart-home",
  "version": "1.0.0",
  "lockfileVersion": 1,
  "requires": true,
  "dependencies": {
    "dayjs": {
      "version": "1.8.35",
      "resolved": "https://registry.npmjs.org/dayjs/-/dayjs-1.8.35.tgz",
      "integrity": "sha512-isAbIEenO4ilm6f8cpqvgjZCsuerDAz2Kb7ri201AiNn58aqXuaLJEnCtfIMdCvERZHNGRY5lDMTr/jdAnKSWQ=="
    }
  }
}
